
Microsoft Visual Studio Solution File, Format Version 12.00
# Visual Studio 15
VisualStudioVersion = 15.0.26228.10
MinimumVisualStudioVersion = 10.0.40219.1
Project("{2150E333-8FDC-42A3-9474-1A3956D46DE8}") = "_Solution Items", "_Solution Items", "{C3F7DE95-BCD3-4340-AE80-4848443F2B39}"
	ProjectSection(SolutionItems) = preProject
		src\.editorconfig = src\.editorconfig
		build.ps1 = build.ps1
		build.sh = build.sh
		Local.testsettings = Local.testsettings
		README.md = README.md
		RunCodeFormatter.ps1 = RunCodeFormatter.ps1
		rundev.ps1 = rundev.ps1
		rundev.sh = rundev.sh
		test.ps1 = test.ps1
		test.sh = test.sh
	EndProjectSection
EndProject
Project("{2150E333-8FDC-42A3-9474-1A3956D46DE8}") = "src", "src", "{EF399303-FFFD-4D40-9143-B3B40D15D316}"
EndProject
Project("{2150E333-8FDC-42A3-9474-1A3956D46DE8}") = "tests", "tests", "{21460676-11E1-480F-B500-26499594BDC8}"
EndProject
Project("{2150E333-8FDC-42A3-9474-1A3956D46DE8}") = "TestClients", "TestClients", "{71C19CC0-E81B-4271-8C2E-E749FB445EB3}"
EndProject
Project("{2150E333-8FDC-42A3-9474-1A3956D46DE8}") = "PerformanceTests", "PerformanceTests", "{86942C3A-4907-4D51-BFC2-D551A85A335E}"
EndProject
Project("{2150E333-8FDC-42A3-9474-1A3956D46DE8}") = "Solution Items", "Solution Items", "{0BB20E0D-5994-43FA-983E-B23484900926}"
	ProjectSection(SolutionItems) = preProject
		Local.testsettings = Local.testsettings
	EndProjectSection
EndProject
Project("{9A19103F-16F7-4668-BE54-9A1E7A4F7556}") = "Nether.Data", "src\Nether.Data\Nether.Data.csproj", "{10CAC5B7-8CD4-450C-9676-C4C3093B8BEB}"
EndProject
Project("{9A19103F-16F7-4668-BE54-9A1E7A4F7556}") = "Nether.Data.MongoDB", "src\Nether.Data.MongoDB\Nether.Data.MongoDB.csproj", "{8A1E0559-F764-4DAD-A455-40A4A90224B7}"
EndProject
Project("{9A19103F-16F7-4668-BE54-9A1E7A4F7556}") = "Nether.Web", "src\Nether.Web\Nether.Web.csproj", "{9116E859-D00D-42E6-AC0C-9B4E04109428}"
EndProject
Project("{9A19103F-16F7-4668-BE54-9A1E7A4F7556}") = "Nether.Web.UnitTests", "tests\Nether.Web.UnitTests\Nether.Web.UnitTests.csproj", "{80DFD445-168A-4A0E-8D3C-AA29CDA05E7C}"
EndProject
Project("{9A19103F-16F7-4668-BE54-9A1E7A4F7556}") = "Nether.Integration", "src\Nether.Integration\Nether.Integration.csproj", "{0FC59806-1E25-4A1F-8DFF-E0F114BF2EB1}"
EndProject
Project("{9A19103F-16F7-4668-BE54-9A1E7A4F7556}") = "Nether.Integration.Default", "src\Nether.Integration.Default\Nether.Integration.Default.csproj", "{12AFEC7A-DAD5-4B75-AB4D-DA90C0FBB79A}"
EndProject
Project("{9A19103F-16F7-4668-BE54-9A1E7A4F7556}") = "FacebookUserTokenClient", "src\TestClients\FacebookUserTokenClient\FacebookUserTokenClient.csproj", "{FE4D1073-2FE6-41C0-8449-47D081BC25E4}"
EndProject
Project("{9A19103F-16F7-4668-BE54-9A1E7A4F7556}") = "IdentityServerTestClient", "src\TestClients\IdentityServerTestClient\IdentityServerTestClient.csproj", "{F9C18B96-9902-4FA3-9D19-99F8FA1252E2}"
EndProject
Project("{9A19103F-16F7-4668-BE54-9A1E7A4F7556}") = "LeaderboardLoadTest", "src\PerformanceTests\LeaderboardLoadTest\LeaderboardLoadTest.csproj", "{93A6E0EC-DCD9-41EE-9DFA-565A0A3605E0}"
EndProject
Project("{9A19103F-16F7-4668-BE54-9A1E7A4F7556}") = "Nether.Data.Sql", "src\Nether.Data.Sql\Nether.Data.Sql.csproj", "{A477AE37-4030-47D7-AD10-C80890359791}"
EndProject
Project("{9A19103F-16F7-4668-BE54-9A1E7A4F7556}") = "Nether.Web.IntegrationTests", "tests\Nether.Web.IntegrationTests\Nether.Web.IntegrationTests.csproj", "{E8EA01ED-EAA3-4D76-B082-C2C147CD6CD4}"
EndProject
Project("{9A19103F-16F7-4668-BE54-9A1E7A4F7556}") = "Nether.Common", "src\Nether.Common\Nether.Common.csproj", "{22F45C3A-F7D0-46D2-8392-E3ACE3D5FD10}"
EndProject
Project("{FAE04EC0-301F-11D3-BF4B-00C04F79EFBC}") = "Nether.Analytics.EventProcessor", "src\Nether.Analytics.EventProcessor\Nether.Analytics.EventProcessor.csproj", "{40A40A60-E92E-45E3-AD72-A7F286F9E36C}"
EndProject
Project("{9A19103F-16F7-4668-BE54-9A1E7A4F7556}") = "AnalyticsTestClient", "src\TestClients\AnalyticsTestClient\AnalyticsTestClient.csproj", "{DA6BF09A-4CC8-4C04-AEF1-76DD9369860D}"
EndProject
Project("{9A19103F-16F7-4668-BE54-9A1E7A4F7556}") = "Nether.Analytics.GameEvents", "src\Nether.Analytics.GameEvents\Nether.Analytics.GameEvents.csproj", "{2AD45F74-D465-4C14-96E9-D49C7FCD3A5C}"
EndProject
Project("{81BE5007-4CAB-4670-AEEB-3DA6572B9D12}") = "Nether.Analytics.HiveScripts", "src\Nether.Analytics.HiveScripts\Nether.Analytics.HiveScripts.hiveproj", "{1E982066-A6A2-434F-BFF8-A4C09716D429}"
EndProject
Project("{9A19103F-16F7-4668-BE54-9A1E7A4F7556}") = "Nether.Data.EntityFramework", "src\Nether.Data.EntityFramework\Nether.Data.EntityFramework.csproj", "{44AF2745-059D-4040-BFC7-8478389B1479}"
EndProject
Project("{9A19103F-16F7-4668-BE54-9A1E7A4F7556}") = "Nether.Data.InMemory", "src\Nether.Data.InMemory\Nether.Data.InMemory.csproj", "{E193CDEF-0298-4E87-8B4D-47B5CA1E019B}"
EndProject
Project("{FAE04EC0-301F-11D3-BF4B-00C04F79EFBC}") = "Nether.Analytics.EventProcessor.Host", "src\Nether.Analytics.EventProcessor.Host\Nether.Analytics.EventProcessor.Host.csproj", "{471D015F-DD55-49F9-872E-3DA1F5550BB8}"
EndProject
Global
	GlobalSection(SolutionConfigurationPlatforms) = preSolution
		Debug|Any CPU = Debug|Any CPU
		Release - Full|Any CPU = Release - Full|Any CPU
		Release|Any CPU = Release|Any CPU
	EndGlobalSection
	GlobalSection(ProjectConfigurationPlatforms) = postSolution
		{10CAC5B7-8CD4-450C-9676-C4C3093B8BEB}.Debug|Any CPU.ActiveCfg = Debug|Any CPU
		{10CAC5B7-8CD4-450C-9676-C4C3093B8BEB}.Debug|Any CPU.Build.0 = Debug|Any CPU
		{10CAC5B7-8CD4-450C-9676-C4C3093B8BEB}.Release - Full|Any CPU.ActiveCfg = Release|Any CPU
		{10CAC5B7-8CD4-450C-9676-C4C3093B8BEB}.Release - Full|Any CPU.Build.0 = Release|Any CPU
		{10CAC5B7-8CD4-450C-9676-C4C3093B8BEB}.Release|Any CPU.ActiveCfg = Release|Any CPU
		{10CAC5B7-8CD4-450C-9676-C4C3093B8BEB}.Release|Any CPU.Build.0 = Release|Any CPU
		{8A1E0559-F764-4DAD-A455-40A4A90224B7}.Debug|Any CPU.ActiveCfg = Debug|Any CPU
		{8A1E0559-F764-4DAD-A455-40A4A90224B7}.Debug|Any CPU.Build.0 = Debug|Any CPU
		{8A1E0559-F764-4DAD-A455-40A4A90224B7}.Release - Full|Any CPU.ActiveCfg = Release|Any CPU
		{8A1E0559-F764-4DAD-A455-40A4A90224B7}.Release - Full|Any CPU.Build.0 = Release|Any CPU
		{8A1E0559-F764-4DAD-A455-40A4A90224B7}.Release|Any CPU.ActiveCfg = Release|Any CPU
		{8A1E0559-F764-4DAD-A455-40A4A90224B7}.Release|Any CPU.Build.0 = Release|Any CPU
		{9116E859-D00D-42E6-AC0C-9B4E04109428}.Debug|Any CPU.ActiveCfg = Debug|Any CPU
		{9116E859-D00D-42E6-AC0C-9B4E04109428}.Debug|Any CPU.Build.0 = Debug|Any CPU
		{9116E859-D00D-42E6-AC0C-9B4E04109428}.Release - Full|Any CPU.ActiveCfg = Release|Any CPU
		{9116E859-D00D-42E6-AC0C-9B4E04109428}.Release - Full|Any CPU.Build.0 = Release|Any CPU
		{9116E859-D00D-42E6-AC0C-9B4E04109428}.Release|Any CPU.ActiveCfg = Release|Any CPU
		{9116E859-D00D-42E6-AC0C-9B4E04109428}.Release|Any CPU.Build.0 = Release|Any CPU
		{80DFD445-168A-4A0E-8D3C-AA29CDA05E7C}.Debug|Any CPU.ActiveCfg = Debug|Any CPU
		{80DFD445-168A-4A0E-8D3C-AA29CDA05E7C}.Debug|Any CPU.Build.0 = Debug|Any CPU
		{80DFD445-168A-4A0E-8D3C-AA29CDA05E7C}.Release - Full|Any CPU.ActiveCfg = Release|Any CPU
		{80DFD445-168A-4A0E-8D3C-AA29CDA05E7C}.Release - Full|Any CPU.Build.0 = Release|Any CPU
		{80DFD445-168A-4A0E-8D3C-AA29CDA05E7C}.Release|Any CPU.ActiveCfg = Release|Any CPU
		{80DFD445-168A-4A0E-8D3C-AA29CDA05E7C}.Release|Any CPU.Build.0 = Release|Any CPU
		{0FC59806-1E25-4A1F-8DFF-E0F114BF2EB1}.Debug|Any CPU.ActiveCfg = Debug|Any CPU
		{0FC59806-1E25-4A1F-8DFF-E0F114BF2EB1}.Debug|Any CPU.Build.0 = Debug|Any CPU
		{0FC59806-1E25-4A1F-8DFF-E0F114BF2EB1}.Release - Full|Any CPU.ActiveCfg = Release|Any CPU
		{0FC59806-1E25-4A1F-8DFF-E0F114BF2EB1}.Release - Full|Any CPU.Build.0 = Release|Any CPU
		{0FC59806-1E25-4A1F-8DFF-E0F114BF2EB1}.Release|Any CPU.ActiveCfg = Release|Any CPU
		{0FC59806-1E25-4A1F-8DFF-E0F114BF2EB1}.Release|Any CPU.Build.0 = Release|Any CPU
		{12AFEC7A-DAD5-4B75-AB4D-DA90C0FBB79A}.Debug|Any CPU.ActiveCfg = Debug|Any CPU
		{12AFEC7A-DAD5-4B75-AB4D-DA90C0FBB79A}.Debug|Any CPU.Build.0 = Debug|Any CPU
		{12AFEC7A-DAD5-4B75-AB4D-DA90C0FBB79A}.Release - Full|Any CPU.ActiveCfg = Release|Any CPU
		{12AFEC7A-DAD5-4B75-AB4D-DA90C0FBB79A}.Release - Full|Any CPU.Build.0 = Release|Any CPU
		{12AFEC7A-DAD5-4B75-AB4D-DA90C0FBB79A}.Release|Any CPU.ActiveCfg = Release|Any CPU
		{12AFEC7A-DAD5-4B75-AB4D-DA90C0FBB79A}.Release|Any CPU.Build.0 = Release|Any CPU
		{FE4D1073-2FE6-41C0-8449-47D081BC25E4}.Debug|Any CPU.ActiveCfg = Debug|Any CPU
		{FE4D1073-2FE6-41C0-8449-47D081BC25E4}.Debug|Any CPU.Build.0 = Debug|Any CPU
		{FE4D1073-2FE6-41C0-8449-47D081BC25E4}.Release - Full|Any CPU.ActiveCfg = Release|Any CPU
		{FE4D1073-2FE6-41C0-8449-47D081BC25E4}.Release - Full|Any CPU.Build.0 = Release|Any CPU
		{FE4D1073-2FE6-41C0-8449-47D081BC25E4}.Release|Any CPU.ActiveCfg = Release|Any CPU
		{FE4D1073-2FE6-41C0-8449-47D081BC25E4}.Release|Any CPU.Build.0 = Release|Any CPU
		{F9C18B96-9902-4FA3-9D19-99F8FA1252E2}.Debug|Any CPU.ActiveCfg = Debug|Any CPU
		{F9C18B96-9902-4FA3-9D19-99F8FA1252E2}.Debug|Any CPU.Build.0 = Debug|Any CPU
		{F9C18B96-9902-4FA3-9D19-99F8FA1252E2}.Release - Full|Any CPU.ActiveCfg = Release|Any CPU
		{F9C18B96-9902-4FA3-9D19-99F8FA1252E2}.Release - Full|Any CPU.Build.0 = Release|Any CPU
		{F9C18B96-9902-4FA3-9D19-99F8FA1252E2}.Release|Any CPU.ActiveCfg = Release|Any CPU
		{F9C18B96-9902-4FA3-9D19-99F8FA1252E2}.Release|Any CPU.Build.0 = Release|Any CPU
		{93A6E0EC-DCD9-41EE-9DFA-565A0A3605E0}.Debug|Any CPU.ActiveCfg = Debug|Any CPU
		{93A6E0EC-DCD9-41EE-9DFA-565A0A3605E0}.Debug|Any CPU.Build.0 = Debug|Any CPU
		{93A6E0EC-DCD9-41EE-9DFA-565A0A3605E0}.Release - Full|Any CPU.ActiveCfg = Release|Any CPU
		{93A6E0EC-DCD9-41EE-9DFA-565A0A3605E0}.Release - Full|Any CPU.Build.0 = Release|Any CPU
		{93A6E0EC-DCD9-41EE-9DFA-565A0A3605E0}.Release|Any CPU.ActiveCfg = Release|Any CPU
		{93A6E0EC-DCD9-41EE-9DFA-565A0A3605E0}.Release|Any CPU.Build.0 = Release|Any CPU
		{A477AE37-4030-47D7-AD10-C80890359791}.Debug|Any CPU.ActiveCfg = Debug|Any CPU
		{A477AE37-4030-47D7-AD10-C80890359791}.Debug|Any CPU.Build.0 = Debug|Any CPU
		{A477AE37-4030-47D7-AD10-C80890359791}.Release - Full|Any CPU.ActiveCfg = Release|Any CPU
		{A477AE37-4030-47D7-AD10-C80890359791}.Release - Full|Any CPU.Build.0 = Release|Any CPU
		{A477AE37-4030-47D7-AD10-C80890359791}.Release|Any CPU.ActiveCfg = Release|Any CPU
		{A477AE37-4030-47D7-AD10-C80890359791}.Release|Any CPU.Build.0 = Release|Any CPU
		{E8EA01ED-EAA3-4D76-B082-C2C147CD6CD4}.Debug|Any CPU.ActiveCfg = Debug|Any CPU
		{E8EA01ED-EAA3-4D76-B082-C2C147CD6CD4}.Debug|Any CPU.Build.0 = Debug|Any CPU
		{E8EA01ED-EAA3-4D76-B082-C2C147CD6CD4}.Release - Full|Any CPU.ActiveCfg = Release|Any CPU
		{E8EA01ED-EAA3-4D76-B082-C2C147CD6CD4}.Release - Full|Any CPU.Build.0 = Release|Any CPU
		{E8EA01ED-EAA3-4D76-B082-C2C147CD6CD4}.Release|Any CPU.ActiveCfg = Release|Any CPU
		{E8EA01ED-EAA3-4D76-B082-C2C147CD6CD4}.Release|Any CPU.Build.0 = Release|Any CPU
		{22F45C3A-F7D0-46D2-8392-E3ACE3D5FD10}.Debug|Any CPU.ActiveCfg = Debug|Any CPU
		{22F45C3A-F7D0-46D2-8392-E3ACE3D5FD10}.Debug|Any CPU.Build.0 = Debug|Any CPU
		{22F45C3A-F7D0-46D2-8392-E3ACE3D5FD10}.Release - Full|Any CPU.ActiveCfg = Release|Any CPU
		{22F45C3A-F7D0-46D2-8392-E3ACE3D5FD10}.Release - Full|Any CPU.Build.0 = Release|Any CPU
		{22F45C3A-F7D0-46D2-8392-E3ACE3D5FD10}.Release|Any CPU.ActiveCfg = Release|Any CPU
		{22F45C3A-F7D0-46D2-8392-E3ACE3D5FD10}.Release|Any CPU.Build.0 = Release|Any CPU
		{40A40A60-E92E-45E3-AD72-A7F286F9E36C}.Debug|Any CPU.ActiveCfg = Debug|Any CPU
		{40A40A60-E92E-45E3-AD72-A7F286F9E36C}.Debug|Any CPU.Build.0 = Debug|Any CPU
		{40A40A60-E92E-45E3-AD72-A7F286F9E36C}.Release - Full|Any CPU.ActiveCfg = Release|Any CPU
		{40A40A60-E92E-45E3-AD72-A7F286F9E36C}.Release - Full|Any CPU.Build.0 = Release|Any CPU
		{40A40A60-E92E-45E3-AD72-A7F286F9E36C}.Release|Any CPU.ActiveCfg = Release|Any CPU
		{40A40A60-E92E-45E3-AD72-A7F286F9E36C}.Release|Any CPU.Build.0 = Release|Any CPU
		{DA6BF09A-4CC8-4C04-AEF1-76DD9369860D}.Debug|Any CPU.ActiveCfg = Debug|Any CPU
		{DA6BF09A-4CC8-4C04-AEF1-76DD9369860D}.Debug|Any CPU.Build.0 = Debug|Any CPU
		{DA6BF09A-4CC8-4C04-AEF1-76DD9369860D}.Release - Full|Any CPU.ActiveCfg = Release|Any CPU
		{DA6BF09A-4CC8-4C04-AEF1-76DD9369860D}.Release - Full|Any CPU.Build.0 = Release|Any CPU
		{DA6BF09A-4CC8-4C04-AEF1-76DD9369860D}.Release|Any CPU.ActiveCfg = Release|Any CPU
		{DA6BF09A-4CC8-4C04-AEF1-76DD9369860D}.Release|Any CPU.Build.0 = Release|Any CPU
		{2AD45F74-D465-4C14-96E9-D49C7FCD3A5C}.Debug|Any CPU.ActiveCfg = Debug|Any CPU
		{2AD45F74-D465-4C14-96E9-D49C7FCD3A5C}.Debug|Any CPU.Build.0 = Debug|Any CPU
		{2AD45F74-D465-4C14-96E9-D49C7FCD3A5C}.Release - Full|Any CPU.ActiveCfg = Release|Any CPU
		{2AD45F74-D465-4C14-96E9-D49C7FCD3A5C}.Release - Full|Any CPU.Build.0 = Release|Any CPU
		{2AD45F74-D465-4C14-96E9-D49C7FCD3A5C}.Release|Any CPU.ActiveCfg = Release|Any CPU
		{2AD45F74-D465-4C14-96E9-D49C7FCD3A5C}.Release|Any CPU.Build.0 = Release|Any CPU
		{1E982066-A6A2-434F-BFF8-A4C09716D429}.Debug|Any CPU.ActiveCfg = Debug|Any CPU
		{1E982066-A6A2-434F-BFF8-A4C09716D429}.Debug|Any CPU.Build.0 = Debug|Any CPU
		{1E982066-A6A2-434F-BFF8-A4C09716D429}.Release - Full|Any CPU.ActiveCfg = Release|Any CPU
		{1E982066-A6A2-434F-BFF8-A4C09716D429}.Release - Full|Any CPU.Build.0 = Release|Any CPU
		{1E982066-A6A2-434F-BFF8-A4C09716D429}.Release|Any CPU.ActiveCfg = Release|Any CPU
		{1E982066-A6A2-434F-BFF8-A4C09716D429}.Release|Any CPU.Build.0 = Release|Any CPU
		{44AF2745-059D-4040-BFC7-8478389B1479}.Debug|Any CPU.ActiveCfg = Debug|Any CPU
		{44AF2745-059D-4040-BFC7-8478389B1479}.Debug|Any CPU.Build.0 = Debug|Any CPU
		{44AF2745-059D-4040-BFC7-8478389B1479}.Release - Full|Any CPU.ActiveCfg = Release|Any CPU
		{44AF2745-059D-4040-BFC7-8478389B1479}.Release - Full|Any CPU.Build.0 = Release|Any CPU
		{44AF2745-059D-4040-BFC7-8478389B1479}.Release|Any CPU.ActiveCfg = Release|Any CPU
		{44AF2745-059D-4040-BFC7-8478389B1479}.Release|Any CPU.Build.0 = Release|Any CPU
		{E193CDEF-0298-4E87-8B4D-47B5CA1E019B}.Debug|Any CPU.ActiveCfg = Debug|Any CPU
		{E193CDEF-0298-4E87-8B4D-47B5CA1E019B}.Debug|Any CPU.Build.0 = Debug|Any CPU
		{E193CDEF-0298-4E87-8B4D-47B5CA1E019B}.Release - Full|Any CPU.ActiveCfg = Release|Any CPU
		{E193CDEF-0298-4E87-8B4D-47B5CA1E019B}.Release - Full|Any CPU.Build.0 = Release|Any CPU
		{E193CDEF-0298-4E87-8B4D-47B5CA1E019B}.Release|Any CPU.ActiveCfg = Release|Any CPU
		{E193CDEF-0298-4E87-8B4D-47B5CA1E019B}.Release|Any CPU.Build.0 = Release|Any CPU
		{471D015F-DD55-49F9-872E-3DA1F5550BB8}.Debug|Any CPU.ActiveCfg = Debug|Any CPU
		{471D015F-DD55-49F9-872E-3DA1F5550BB8}.Debug|Any CPU.Build.0 = Debug|Any CPU
		{471D015F-DD55-49F9-872E-3DA1F5550BB8}.Release - Full|Any CPU.ActiveCfg = Release|Any CPU
		{471D015F-DD55-49F9-872E-3DA1F5550BB8}.Release - Full|Any CPU.Build.0 = Release|Any CPU
		{471D015F-DD55-49F9-872E-3DA1F5550BB8}.Release|Any CPU.ActiveCfg = Release|Any CPU
		{471D015F-DD55-49F9-872E-3DA1F5550BB8}.Release|Any CPU.Build.0 = Release|Any CPU
	EndGlobalSection
	GlobalSection(SolutionProperties) = preSolution
		HideSolutionNode = FALSE
	EndGlobalSection
	GlobalSection(NestedProjects) = preSolution
		{71C19CC0-E81B-4271-8C2E-E749FB445EB3} = {EF399303-FFFD-4D40-9143-B3B40D15D316}
		{86942C3A-4907-4D51-BFC2-D551A85A335E} = {EF399303-FFFD-4D40-9143-B3B40D15D316}
		{0BB20E0D-5994-43FA-983E-B23484900926} = {21460676-11E1-480F-B500-26499594BDC8}
		{10CAC5B7-8CD4-450C-9676-C4C3093B8BEB} = {EF399303-FFFD-4D40-9143-B3B40D15D316}
		{8A1E0559-F764-4DAD-A455-40A4A90224B7} = {EF399303-FFFD-4D40-9143-B3B40D15D316}
		{9116E859-D00D-42E6-AC0C-9B4E04109428} = {EF399303-FFFD-4D40-9143-B3B40D15D316}
		{80DFD445-168A-4A0E-8D3C-AA29CDA05E7C} = {21460676-11E1-480F-B500-26499594BDC8}
		{0FC59806-1E25-4A1F-8DFF-E0F114BF2EB1} = {EF399303-FFFD-4D40-9143-B3B40D15D316}
		{12AFEC7A-DAD5-4B75-AB4D-DA90C0FBB79A} = {EF399303-FFFD-4D40-9143-B3B40D15D316}
		{FE4D1073-2FE6-41C0-8449-47D081BC25E4} = {71C19CC0-E81B-4271-8C2E-E749FB445EB3}
		{F9C18B96-9902-4FA3-9D19-99F8FA1252E2} = {71C19CC0-E81B-4271-8C2E-E749FB445EB3}
		{93A6E0EC-DCD9-41EE-9DFA-565A0A3605E0} = {86942C3A-4907-4D51-BFC2-D551A85A335E}
		{A477AE37-4030-47D7-AD10-C80890359791} = {EF399303-FFFD-4D40-9143-B3B40D15D316}
		{E8EA01ED-EAA3-4D76-B082-C2C147CD6CD4} = {21460676-11E1-480F-B500-26499594BDC8}
		{22F45C3A-F7D0-46D2-8392-E3ACE3D5FD10} = {EF399303-FFFD-4D40-9143-B3B40D15D316}
		{40A40A60-E92E-45E3-AD72-A7F286F9E36C} = {EF399303-FFFD-4D40-9143-B3B40D15D316}
		{DA6BF09A-4CC8-4C04-AEF1-76DD9369860D} = {71C19CC0-E81B-4271-8C2E-E749FB445EB3}
		{2AD45F74-D465-4C14-96E9-D49C7FCD3A5C} = {EF399303-FFFD-4D40-9143-B3B40D15D316}
		{1E982066-A6A2-434F-BFF8-A4C09716D429} = {EF399303-FFFD-4D40-9143-B3B40D15D316}
		{44AF2745-059D-4040-BFC7-8478389B1479} = {EF399303-FFFD-4D40-9143-B3B40D15D316}
		{E193CDEF-0298-4E87-8B4D-47B5CA1E019B} = {EF399303-FFFD-4D40-9143-B3B40D15D316}
		{471D015F-DD55-49F9-872E-3DA1F5550BB8} = {EF399303-FFFD-4D40-9143-B3B40D15D316}
	EndGlobalSection
EndGlobal
