
Microsoft Visual Studio Solution File, Format Version 12.00
# Visual Studio 14
VisualStudioVersion = 14.0.25420.1
MinimumVisualStudioVersion = 10.0.40219.1
Project("{2150E333-8FDC-42A3-9474-1A3956D46DE8}") = "_Solution Items", "_Solution Items", "{C3F7DE95-BCD3-4340-AE80-4848443F2B39}"
	ProjectSection(SolutionItems) = preProject
		README.md = README.md
	EndProjectSection
EndProject
Project("{8BB2217D-0F2D-49D1-97BC-3654ED321F3B}") = "Nether.Common.DependencyInjection", "src\Common\Nether.Common.DependencyInjection\Nether.Common.DependencyInjection.xproj", "{E1E066B4-EE70-4964-A541-B7B49A394317}"
EndProject
Project("{2150E333-8FDC-42A3-9474-1A3956D46DE8}") = "Common", "Common", "{50F9215F-6314-49C2-9B24-F25A274230DA}"
EndProject
Project("{8BB2217D-0F2D-49D1-97BC-3654ED321F3B}") = "Nether.Data", "src\Nether.Data\Nether.Data.xproj", "{10CAC5B7-8CD4-450C-9676-C4C3093B8BEB}"
EndProject
Project("{8BB2217D-0F2D-49D1-97BC-3654ED321F3B}") = "Nether.Data.MongoDB", "src\Nether.Data.MongoDb\Nether.Data.MongoDB.xproj", "{8A1E0559-F764-4DAD-A455-40A4A90224B7}"
EndProject
Project("{8BB2217D-0F2D-49D1-97BC-3654ED321F3B}") = "Nether.Web", "src\Nether.Web\Nether.Web.xproj", "{9116E859-D00D-42E6-AC0C-9B4E04109428}"
EndProject
Project("{8BB2217D-0F2D-49D1-97BC-3654ED321F3B}") = "Nether.Web.UnitTests", "tests\Nether.Web.UnitTests\Nether.Web.UnitTests.xproj", "{80DFD445-168A-4A0E-8D3C-AA29CDA05E7C}"
EndProject
Project("{2150E333-8FDC-42A3-9474-1A3956D46DE8}") = "src", "src", "{EF399303-FFFD-4D40-9143-B3B40D15D316}"
EndProject
Project("{2150E333-8FDC-42A3-9474-1A3956D46DE8}") = "tests", "tests", "{21460676-11E1-480F-B500-26499594BDC8}"
EndProject
Project("{8BB2217D-0F2D-49D1-97BC-3654ED321F3B}") = "Nether.Integration", "src\Nether.Integration\Nether.Integration.xproj", "{0FC59806-1E25-4A1F-8DFF-E0F114BF2EB1}"
EndProject
Project("{8BB2217D-0F2D-49D1-97BC-3654ED321F3B}") = "Nether.Integration.Default", "src\Nether.Integration.Default\Nether.Integration.Default.xproj", "{12AFEC7A-DAD5-4B75-AB4D-DA90C0FBB79A}"
EndProject
Project("{2150E333-8FDC-42A3-9474-1A3956D46DE8}") = "TestClients", "TestClients", "{71C19CC0-E81B-4271-8C2E-E749FB445EB3}"
EndProject
Project("{8BB2217D-0F2D-49D1-97BC-3654ED321F3B}") = "FacebookUserTokenClient", "src\TestClients\FacebookUserTokenClient\FacebookUserTokenClient.xproj", "{FE4D1073-2FE6-41C0-8449-47D081BC25E4}"
EndProject
Project("{8BB2217D-0F2D-49D1-97BC-3654ED321F3B}") = "IdentityServerTestClient", "src\TestClients\IdentityServerTestClient\IdentityServerTestClient.xproj", "{F9C18B96-9902-4FA3-9D19-99F8FA1252E2}"
EndProject
Global
	GlobalSection(SolutionConfigurationPlatforms) = preSolution
		Debug|Any CPU = Debug|Any CPU
		Release|Any CPU = Release|Any CPU
	EndGlobalSection
	GlobalSection(ProjectConfigurationPlatforms) = postSolution
		{E1E066B4-EE70-4964-A541-B7B49A394317}.Debug|Any CPU.ActiveCfg = Debug|Any CPU
		{E1E066B4-EE70-4964-A541-B7B49A394317}.Debug|Any CPU.Build.0 = Debug|Any CPU
		{E1E066B4-EE70-4964-A541-B7B49A394317}.Release|Any CPU.ActiveCfg = Release|Any CPU
		{E1E066B4-EE70-4964-A541-B7B49A394317}.Release|Any CPU.Build.0 = Release|Any CPU
		{10CAC5B7-8CD4-450C-9676-C4C3093B8BEB}.Debug|Any CPU.ActiveCfg = Debug|Any CPU
		{10CAC5B7-8CD4-450C-9676-C4C3093B8BEB}.Debug|Any CPU.Build.0 = Debug|Any CPU
		{10CAC5B7-8CD4-450C-9676-C4C3093B8BEB}.Release|Any CPU.ActiveCfg = Release|Any CPU
		{10CAC5B7-8CD4-450C-9676-C4C3093B8BEB}.Release|Any CPU.Build.0 = Release|Any CPU
		{8A1E0559-F764-4DAD-A455-40A4A90224B7}.Debug|Any CPU.ActiveCfg = Debug|Any CPU
		{8A1E0559-F764-4DAD-A455-40A4A90224B7}.Debug|Any CPU.Build.0 = Debug|Any CPU
		{8A1E0559-F764-4DAD-A455-40A4A90224B7}.Release|Any CPU.ActiveCfg = Release|Any CPU
		{8A1E0559-F764-4DAD-A455-40A4A90224B7}.Release|Any CPU.Build.0 = Release|Any CPU
		{9116E859-D00D-42E6-AC0C-9B4E04109428}.Debug|Any CPU.ActiveCfg = Debug|Any CPU
		{9116E859-D00D-42E6-AC0C-9B4E04109428}.Debug|Any CPU.Build.0 = Debug|Any CPU
		{9116E859-D00D-42E6-AC0C-9B4E04109428}.Release|Any CPU.ActiveCfg = Release|Any CPU
		{9116E859-D00D-42E6-AC0C-9B4E04109428}.Release|Any CPU.Build.0 = Release|Any CPU
		{80DFD445-168A-4A0E-8D3C-AA29CDA05E7C}.Debug|Any CPU.ActiveCfg = Debug|Any CPU
		{80DFD445-168A-4A0E-8D3C-AA29CDA05E7C}.Debug|Any CPU.Build.0 = Debug|Any CPU
		{80DFD445-168A-4A0E-8D3C-AA29CDA05E7C}.Release|Any CPU.ActiveCfg = Release|Any CPU
		{80DFD445-168A-4A0E-8D3C-AA29CDA05E7C}.Release|Any CPU.Build.0 = Release|Any CPU
		{0FC59806-1E25-4A1F-8DFF-E0F114BF2EB1}.Debug|Any CPU.ActiveCfg = Debug|Any CPU
		{0FC59806-1E25-4A1F-8DFF-E0F114BF2EB1}.Debug|Any CPU.Build.0 = Debug|Any CPU
		{0FC59806-1E25-4A1F-8DFF-E0F114BF2EB1}.Release|Any CPU.ActiveCfg = Release|Any CPU
		{0FC59806-1E25-4A1F-8DFF-E0F114BF2EB1}.Release|Any CPU.Build.0 = Release|Any CPU
		{12AFEC7A-DAD5-4B75-AB4D-DA90C0FBB79A}.Debug|Any CPU.ActiveCfg = Debug|Any CPU
		{12AFEC7A-DAD5-4B75-AB4D-DA90C0FBB79A}.Debug|Any CPU.Build.0 = Debug|Any CPU
		{12AFEC7A-DAD5-4B75-AB4D-DA90C0FBB79A}.Release|Any CPU.ActiveCfg = Release|Any CPU
		{12AFEC7A-DAD5-4B75-AB4D-DA90C0FBB79A}.Release|Any CPU.Build.0 = Release|Any CPU
		{FE4D1073-2FE6-41C0-8449-47D081BC25E4}.Debug|Any CPU.ActiveCfg = Debug|Any CPU
		{FE4D1073-2FE6-41C0-8449-47D081BC25E4}.Debug|Any CPU.Build.0 = Debug|Any CPU
		{FE4D1073-2FE6-41C0-8449-47D081BC25E4}.Release|Any CPU.ActiveCfg = Release|Any CPU
		{FE4D1073-2FE6-41C0-8449-47D081BC25E4}.Release|Any CPU.Build.0 = Release|Any CPU
		{F9C18B96-9902-4FA3-9D19-99F8FA1252E2}.Debug|Any CPU.ActiveCfg = Debug|Any CPU
		{F9C18B96-9902-4FA3-9D19-99F8FA1252E2}.Debug|Any CPU.Build.0 = Debug|Any CPU
		{F9C18B96-9902-4FA3-9D19-99F8FA1252E2}.Release|Any CPU.ActiveCfg = Release|Any CPU
		{F9C18B96-9902-4FA3-9D19-99F8FA1252E2}.Release|Any CPU.Build.0 = Release|Any CPU
	EndGlobalSection
	GlobalSection(SolutionProperties) = preSolution
		HideSolutionNode = FALSE
	EndGlobalSection
	GlobalSection(NestedProjects) = preSolution
		{E1E066B4-EE70-4964-A541-B7B49A394317} = {50F9215F-6314-49C2-9B24-F25A274230DA}
		{50F9215F-6314-49C2-9B24-F25A274230DA} = {EF399303-FFFD-4D40-9143-B3B40D15D316}
		{10CAC5B7-8CD4-450C-9676-C4C3093B8BEB} = {EF399303-FFFD-4D40-9143-B3B40D15D316}
		{8A1E0559-F764-4DAD-A455-40A4A90224B7} = {EF399303-FFFD-4D40-9143-B3B40D15D316}
		{9116E859-D00D-42E6-AC0C-9B4E04109428} = {EF399303-FFFD-4D40-9143-B3B40D15D316}
		{80DFD445-168A-4A0E-8D3C-AA29CDA05E7C} = {21460676-11E1-480F-B500-26499594BDC8}
		{0FC59806-1E25-4A1F-8DFF-E0F114BF2EB1} = {EF399303-FFFD-4D40-9143-B3B40D15D316}
		{12AFEC7A-DAD5-4B75-AB4D-DA90C0FBB79A} = {EF399303-FFFD-4D40-9143-B3B40D15D316}
		{71C19CC0-E81B-4271-8C2E-E749FB445EB3} = {EF399303-FFFD-4D40-9143-B3B40D15D316}
		{FE4D1073-2FE6-41C0-8449-47D081BC25E4} = {71C19CC0-E81B-4271-8C2E-E749FB445EB3}
		{F9C18B96-9902-4FA3-9D19-99F8FA1252E2} = {71C19CC0-E81B-4271-8C2E-E749FB445EB3}
	EndGlobalSection
EndGlobal
