
Microsoft Visual Studio Solution File, Format Version 12.00
# Visual Studio 14
VisualStudioVersion = 14.0.25420.1
MinimumVisualStudioVersion = 10.0.40219.1
Project("{FAE04EC0-301F-11D3-BF4B-00C04F79EFBC}") = "GameEventsGenerator", "GameEventsGenerator\GameEventsGenerator.csproj", "{D816FF5B-6072-4A1F-A19C-486CE9C9312B}"
EndProject
Global
	GlobalSection(SolutionConfigurationPlatforms) = preSolution
		Debug|Any CPU = Debug|Any CPU
		Release|Any CPU = Release|Any CPU
	EndGlobalSection
	GlobalSection(ProjectConfigurationPlatforms) = postSolution
		{D816FF5B-6072-4A1F-A19C-486CE9C9312B}.Debug|Any CPU.ActiveCfg = Debug|Any CPU
		{D816FF5B-6072-4A1F-A19C-486CE9C9312B}.Debug|Any CPU.Build.0 = Debug|Any CPU
		{D816FF5B-6072-4A1F-A19C-486CE9C9312B}.Release|Any CPU.ActiveCfg = Release|Any CPU
		{D816FF5B-6072-4A1F-A19C-486CE9C9312B}.Release|Any CPU.Build.0 = Release|Any CPU
	EndGlobalSection
	GlobalSection(SolutionProperties) = preSolution
		HideSolutionNode = FALSE
	EndGlobalSection
	GlobalSection(ExtensibilityGlobals) = postSolution
		EnterpriseLibraryConfigurationToolBinariesPath = packages\TransientFaultHandling.Core.5.1.1209.1\lib\NET4
	EndGlobalSection
EndGlobal
